PODS:
  - Flutter (1.0.0)
  - rejourney (0.1.1):
    - Flutter

DEPENDENCIES:
  - Flutter (from `Flutter`)
  - rejourney (from `.symlinks/plugins/rejourney/ios`)

EXTERNAL SOURCES:
  Flutter:
    :path: Flutter
  rejourney:
    :path: ".symlinks/plugins/rejourney/ios"

SPEC CHECKSUMS:
  Flutter: cabc95a1d2626b1b06e7179b784ebcf0c0cde467
  rejourney: 7beb4ecb308636bc8a8ba5b05a154084949c8bc7

PODFILE CHECKSUM: 3c63482e143d1b91d2d2560aee9fb04ecc74ac7e

COCOAPODS: 1.16.2
